
Microsoft Visual Studio Solution File, Format Version 12.00
# Visual Studio Version 16
VisualStudioVersion = 16.0.29326.143
MinimumVisualStudioVersion = 10.0.40219.1
Project("{FAE04EC0-301F-11D3-BF4B-00C04F79EFBC}") = "Ireckonu.Api", "Ireckonu.Api\Ireckonu.Api.csproj", "{EEB6ABAA-AFF1-4EF3-89AA-38FD44945214}"
EndProject
Project("{FAE04EC0-301F-11D3-BF4B-00C04F79EFBC}") = "Ireckonu.Models", "Ireckonu.Models\Ireckonu.Models.csproj", "{6296D82F-33CB-4D4F-88FE-ADBD8FE014C5}"
EndProject
Project("{FAE04EC0-301F-11D3-BF4B-00C04F79EFBC}") = "Ireckonu.Abstractions", "Ireckonu.Abstractions\Ireckonu.Abstractions.csproj", "{9B7CEF24-8A02-43EB-90A5-3E8F44DB931E}"
EndProject
Project("{FAE04EC0-301F-11D3-BF4B-00C04F79EFBC}") = "Ireckonu.IO.Json", "Ireckonu.IO.Json\Ireckonu.IO.Json.csproj", "{BA3B2A9B-71AE-45C0-860B-2925C1FB3A28}"
EndProject
Project("{FAE04EC0-301F-11D3-BF4B-00C04F79EFBC}") = "Ireckonu.IO.Sql", "Ireckonu.IO.Sql\Ireckonu.IO.Sql.csproj", "{A928FB5E-CDBB-4FF2-BA3A-26C0F5D374B0}"
EndProject
Global
	GlobalSection(SolutionConfigurationPlatforms) = preSolution
		Debug|Any CPU = Debug|Any CPU
		Release|Any CPU = Release|Any CPU
	EndGlobalSection
	GlobalSection(ProjectConfigurationPlatforms) = postSolution
		{EEB6ABAA-AFF1-4EF3-89AA-38FD44945214}.Debug|Any CPU.ActiveCfg = Debug|Any CPU
		{EEB6ABAA-AFF1-4EF3-89AA-38FD44945214}.Debug|Any CPU.Build.0 = Debug|Any CPU
		{EEB6ABAA-AFF1-4EF3-89AA-38FD44945214}.Release|Any CPU.ActiveCfg = Release|Any CPU
		{EEB6ABAA-AFF1-4EF3-89AA-38FD44945214}.Release|Any CPU.Build.0 = Release|Any CPU
		{6296D82F-33CB-4D4F-88FE-ADBD8FE014C5}.Debug|Any CPU.ActiveCfg = Debug|Any CPU
		{6296D82F-33CB-4D4F-88FE-ADBD8FE014C5}.Debug|Any CPU.Build.0 = Debug|Any CPU
		{6296D82F-33CB-4D4F-88FE-ADBD8FE014C5}.Release|Any CPU.ActiveCfg = Release|Any CPU
		{6296D82F-33CB-4D4F-88FE-ADBD8FE014C5}.Release|Any CPU.Build.0 = Release|Any CPU
		{9B7CEF24-8A02-43EB-90A5-3E8F44DB931E}.Debug|Any CPU.ActiveCfg = Debug|Any CPU
		{9B7CEF24-8A02-43EB-90A5-3E8F44DB931E}.Debug|Any CPU.Build.0 = Debug|Any CPU
		{9B7CEF24-8A02-43EB-90A5-3E8F44DB931E}.Release|Any CPU.ActiveCfg = Release|Any CPU
		{9B7CEF24-8A02-43EB-90A5-3E8F44DB931E}.Release|Any CPU.Build.0 = Release|Any CPU
		{BA3B2A9B-71AE-45C0-860B-2925C1FB3A28}.Debug|Any CPU.ActiveCfg = Debug|Any CPU
		{BA3B2A9B-71AE-45C0-860B-2925C1FB3A28}.Debug|Any CPU.Build.0 = Debug|Any CPU
		{BA3B2A9B-71AE-45C0-860B-2925C1FB3A28}.Release|Any CPU.ActiveCfg = Release|Any CPU
		{BA3B2A9B-71AE-45C0-860B-2925C1FB3A28}.Release|Any CPU.Build.0 = Release|Any CPU
		{A928FB5E-CDBB-4FF2-BA3A-26C0F5D374B0}.Debug|Any CPU.ActiveCfg = Debug|Any CPU
		{A928FB5E-CDBB-4FF2-BA3A-26C0F5D374B0}.Debug|Any CPU.Build.0 = Debug|Any CPU
		{A928FB5E-CDBB-4FF2-BA3A-26C0F5D374B0}.Release|Any CPU.ActiveCfg = Release|Any CPU
		{A928FB5E-CDBB-4FF2-BA3A-26C0F5D374B0}.Release|Any CPU.Build.0 = Release|Any CPU
	EndGlobalSection
	GlobalSection(SolutionProperties) = preSolution
		HideSolutionNode = FALSE
	EndGlobalSection
	GlobalSection(ExtensibilityGlobals) = postSolution
		SolutionGuid = {8A718D6B-E0D0-4104-91AB-D5A5FB5E6F60}
	EndGlobalSection
EndGlobal
